
Microsoft Visual Studio Solution File, Format Version 12.00
# Visual Studio 2012
Project("{FAE04EC0-301F-11D3-BF4B-00C04F79EFBC}") = "PacketViewer", "PacketViewer\PacketViewer.csproj", "{C6B79B46-E598-416F-B56E-5DAE09B3EF06}"
EndProject
Project("{2150E333-8FDC-42A3-9474-1A3956D46DE8}") = "TeraDamageMeter", "TeraDamageMeter", "{166AE990-21DE-4AE3-82B5-85052A7E2193}"
EndProject
Project("{FAE04EC0-301F-11D3-BF4B-00C04F79EFBC}") = "Tera.Sniffer", "external\TDM\Tera.Sniffer\Tera.Sniffer.csproj", "{AB53A885-EA95-4ABC-8D65-32E8E80485B5}"
EndProject
Project("{FAE04EC0-301F-11D3-BF4B-00C04F79EFBC}") = "Tera.Core", "external\TDM\Tera.Core\Tera.Core.csproj", "{EE476C7C-2942-4BA4-AB47-7ADBE65635FD}"
EndProject
Project("{2150E333-8FDC-42A3-9474-1A3956D46DE8}") = "Solution Items", "Solution Items", "{60571443-038A-4337-9ED2-D4164D35B0F3}"
EndProject
Project("{FAE04EC0-301F-11D3-BF4B-00C04F79EFBC}") = "NetworkSniffer", "external\TDM\NetworkSniffer\NetworkSniffer.csproj", "{5B431143-1A77-44FF-8BC3-926FEC8AD97C}"
EndProject
Project("{FAE04EC0-301F-11D3-BF4B-00C04F79EFBC}") = "Tera.DamageMeter", "external\TDM\Tera.DamageMeter\Tera.DamageMeter.csproj", "{9F95A8E5-0D27-4F16-A3F3-A1EC130A85EC}"
EndProject
Project("{FAE04EC0-301F-11D3-BF4B-00C04F79EFBC}") = "Tera.Data", "external\TDM\Tera.Data\Tera.Data.csproj", "{4B6AA9BD-CEC2-4AA6-B35A-1ACB2FA7767B}"
EndProject
Project("{FAE04EC0-301F-11D3-BF4B-00C04F79EFBC}") = "Tera.Sniffing", "external\TDM\Tera.Sniffing\Tera.Sniffing.csproj", "{66BB1685-8FF5-4431-B77F-7F80C92A5DA4}"
EndProject
Project("{FAE04EC0-301F-11D3-BF4B-00C04F79EFBC}") = "Tera.DamageMeter.WPF", "external\TDM\Tera.DamageMeter.WPF\Tera.DamageMeter.WPF.csproj", "{C8FF7566-3037-4F08-BAB6-98D7388DC852}"
EndProject
Project("{FAE04EC0-301F-11D3-BF4B-00C04F79EFBC}") = "Tera.DamageMeter.Core", "external\TDM\Tera.DamageMeter.Core\Tera.DamageMeter.Core.csproj", "{D1ED4752-F2FC-44C3-97B2-580BC79F4AF1}"
EndProject
Global
	GlobalSection(SolutionConfigurationPlatforms) = preSolution
		Debug|Any CPU = Debug|Any CPU
		Debug|x64 = Debug|x64
		Release|Any CPU = Release|Any CPU
		Release|x64 = Release|x64
	EndGlobalSection
	GlobalSection(ProjectConfigurationPlatforms) = postSolution
		{C6B79B46-E598-416F-B56E-5DAE09B3EF06}.Debug|Any CPU.ActiveCfg = Debug|Any CPU
		{C6B79B46-E598-416F-B56E-5DAE09B3EF06}.Debug|Any CPU.Build.0 = Debug|Any CPU
		{C6B79B46-E598-416F-B56E-5DAE09B3EF06}.Debug|x64.ActiveCfg = Debug|Any CPU
		{C6B79B46-E598-416F-B56E-5DAE09B3EF06}.Release|Any CPU.ActiveCfg = Release|Any CPU
		{C6B79B46-E598-416F-B56E-5DAE09B3EF06}.Release|Any CPU.Build.0 = Release|Any CPU
		{C6B79B46-E598-416F-B56E-5DAE09B3EF06}.Release|x64.ActiveCfg = Release|Any CPU
		{AB53A885-EA95-4ABC-8D65-32E8E80485B5}.Debug|Any CPU.ActiveCfg = Debug|Any CPU
		{AB53A885-EA95-4ABC-8D65-32E8E80485B5}.Debug|Any CPU.Build.0 = Debug|Any CPU
		{AB53A885-EA95-4ABC-8D65-32E8E80485B5}.Debug|x64.ActiveCfg = Debug|Any CPU
		{AB53A885-EA95-4ABC-8D65-32E8E80485B5}.Release|Any CPU.ActiveCfg = Release|Any CPU
		{AB53A885-EA95-4ABC-8D65-32E8E80485B5}.Release|Any CPU.Build.0 = Release|Any CPU
		{AB53A885-EA95-4ABC-8D65-32E8E80485B5}.Release|x64.ActiveCfg = Release|Any CPU
		{EE476C7C-2942-4BA4-AB47-7ADBE65635FD}.Debug|Any CPU.ActiveCfg = Debug|Any CPU
		{EE476C7C-2942-4BA4-AB47-7ADBE65635FD}.Debug|Any CPU.Build.0 = Debug|Any CPU
		{EE476C7C-2942-4BA4-AB47-7ADBE65635FD}.Debug|x64.ActiveCfg = Debug|Any CPU
		{EE476C7C-2942-4BA4-AB47-7ADBE65635FD}.Release|Any CPU.ActiveCfg = Release|Any CPU
		{EE476C7C-2942-4BA4-AB47-7ADBE65635FD}.Release|Any CPU.Build.0 = Release|Any CPU
		{EE476C7C-2942-4BA4-AB47-7ADBE65635FD}.Release|x64.ActiveCfg = Release|Any CPU
		{5B431143-1A77-44FF-8BC3-926FEC8AD97C}.Debug|Any CPU.ActiveCfg = Debug|Any CPU
		{5B431143-1A77-44FF-8BC3-926FEC8AD97C}.Debug|Any CPU.Build.0 = Debug|Any CPU
		{5B431143-1A77-44FF-8BC3-926FEC8AD97C}.Debug|x64.ActiveCfg = Debug|Any CPU
		{5B431143-1A77-44FF-8BC3-926FEC8AD97C}.Release|Any CPU.ActiveCfg = Release|Any CPU
		{5B431143-1A77-44FF-8BC3-926FEC8AD97C}.Release|Any CPU.Build.0 = Release|Any CPU
		{5B431143-1A77-44FF-8BC3-926FEC8AD97C}.Release|x64.ActiveCfg = Release|Any CPU
		{9F95A8E5-0D27-4F16-A3F3-A1EC130A85EC}.Debug|Any CPU.ActiveCfg = Debug|Any CPU
		{9F95A8E5-0D27-4F16-A3F3-A1EC130A85EC}.Debug|Any CPU.Build.0 = Debug|Any CPU
		{9F95A8E5-0D27-4F16-A3F3-A1EC130A85EC}.Debug|x64.ActiveCfg = Debug|Any CPU
		{9F95A8E5-0D27-4F16-A3F3-A1EC130A85EC}.Release|Any CPU.ActiveCfg = Release|Any CPU
		{9F95A8E5-0D27-4F16-A3F3-A1EC130A85EC}.Release|Any CPU.Build.0 = Release|Any CPU
		{9F95A8E5-0D27-4F16-A3F3-A1EC130A85EC}.Release|x64.ActiveCfg = Release|Any CPU
		{4B6AA9BD-CEC2-4AA6-B35A-1ACB2FA7767B}.Debug|Any CPU.ActiveCfg = Debug|Any CPU
		{4B6AA9BD-CEC2-4AA6-B35A-1ACB2FA7767B}.Debug|Any CPU.Build.0 = Debug|Any CPU
		{4B6AA9BD-CEC2-4AA6-B35A-1ACB2FA7767B}.Debug|x64.ActiveCfg = Debug|Any CPU
		{4B6AA9BD-CEC2-4AA6-B35A-1ACB2FA7767B}.Release|Any CPU.ActiveCfg = Release|Any CPU
		{4B6AA9BD-CEC2-4AA6-B35A-1ACB2FA7767B}.Release|Any CPU.Build.0 = Release|Any CPU
		{4B6AA9BD-CEC2-4AA6-B35A-1ACB2FA7767B}.Release|x64.ActiveCfg = Release|Any CPU
		{66BB1685-8FF5-4431-B77F-7F80C92A5DA4}.Debug|Any CPU.ActiveCfg = Debug|Any CPU
		{66BB1685-8FF5-4431-B77F-7F80C92A5DA4}.Debug|Any CPU.Build.0 = Debug|Any CPU
		{66BB1685-8FF5-4431-B77F-7F80C92A5DA4}.Debug|x64.ActiveCfg = Debug|Any CPU
		{66BB1685-8FF5-4431-B77F-7F80C92A5DA4}.Release|Any CPU.ActiveCfg = Release|Any CPU
		{66BB1685-8FF5-4431-B77F-7F80C92A5DA4}.Release|Any CPU.Build.0 = Release|Any CPU
		{66BB1685-8FF5-4431-B77F-7F80C92A5DA4}.Release|x64.ActiveCfg = Release|Any CPU
		{C8FF7566-3037-4F08-BAB6-98D7388DC852}.Debug|Any CPU.ActiveCfg = Debug|Any CPU
		{C8FF7566-3037-4F08-BAB6-98D7388DC852}.Debug|Any CPU.Build.0 = Debug|Any CPU
		{C8FF7566-3037-4F08-BAB6-98D7388DC852}.Debug|x64.ActiveCfg = Debug|Any CPU
		{C8FF7566-3037-4F08-BAB6-98D7388DC852}.Release|Any CPU.ActiveCfg = Release|Any CPU
		{C8FF7566-3037-4F08-BAB6-98D7388DC852}.Release|Any CPU.Build.0 = Release|Any CPU
		{C8FF7566-3037-4F08-BAB6-98D7388DC852}.Release|x64.ActiveCfg = Release|Any CPU
		{D1ED4752-F2FC-44C3-97B2-580BC79F4AF1}.Debug|Any CPU.ActiveCfg = Debug|Any CPU
		{D1ED4752-F2FC-44C3-97B2-580BC79F4AF1}.Debug|Any CPU.Build.0 = Debug|Any CPU
		{D1ED4752-F2FC-44C3-97B2-580BC79F4AF1}.Debug|x64.ActiveCfg = Debug|Any CPU
		{D1ED4752-F2FC-44C3-97B2-580BC79F4AF1}.Release|Any CPU.ActiveCfg = Release|Any CPU
		{D1ED4752-F2FC-44C3-97B2-580BC79F4AF1}.Release|Any CPU.Build.0 = Release|Any CPU
		{D1ED4752-F2FC-44C3-97B2-580BC79F4AF1}.Release|x64.ActiveCfg = Release|Any CPU
	EndGlobalSection
	GlobalSection(SolutionProperties) = preSolution
		HideSolutionNode = FALSE
	EndGlobalSection
	GlobalSection(NestedProjects) = preSolution
		{AB53A885-EA95-4ABC-8D65-32E8E80485B5} = {166AE990-21DE-4AE3-82B5-85052A7E2193}
		{EE476C7C-2942-4BA4-AB47-7ADBE65635FD} = {166AE990-21DE-4AE3-82B5-85052A7E2193}
		{60571443-038A-4337-9ED2-D4164D35B0F3} = {166AE990-21DE-4AE3-82B5-85052A7E2193}
		{5B431143-1A77-44FF-8BC3-926FEC8AD97C} = {166AE990-21DE-4AE3-82B5-85052A7E2193}
		{9F95A8E5-0D27-4F16-A3F3-A1EC130A85EC} = {166AE990-21DE-4AE3-82B5-85052A7E2193}
		{4B6AA9BD-CEC2-4AA6-B35A-1ACB2FA7767B} = {166AE990-21DE-4AE3-82B5-85052A7E2193}
		{66BB1685-8FF5-4431-B77F-7F80C92A5DA4} = {166AE990-21DE-4AE3-82B5-85052A7E2193}
		{C8FF7566-3037-4F08-BAB6-98D7388DC852} = {166AE990-21DE-4AE3-82B5-85052A7E2193}
		{D1ED4752-F2FC-44C3-97B2-580BC79F4AF1} = {166AE990-21DE-4AE3-82B5-85052A7E2193}
	EndGlobalSection
EndGlobal
